
Microsoft Visual Studio Solution File, Format Version 12.00
# Visual Studio Version 16
VisualStudioVersion = 16.0.31205.134
MinimumVisualStudioVersion = 10.0.40219.1
Project("{9A19103F-16F7-4668-BE54-9A1E7A4F7556}") = "Web.PDFGen", "Web.PDFGen\Web.PDFGen.csproj", "{7CAD1CA6-23A3-49B3-871D-F8BDF9F0FD4A}"
EndProject
Project("{9A19103F-16F7-4668-BE54-9A1E7A4F7556}") = "PDFGen", "PDFGen\PDFGen.csproj", "{73BBF6BD-745E-487F-8FFC-ABD2BD26DE6E}"
EndProject
Project("{9A19103F-16F7-4668-BE54-9A1E7A4F7556}") = "Tests", "Tests\Tests.csproj", "{478EE80B-AF66-4FFF-9514-B8D818D2F1B9}"
EndProject
Global
	GlobalSection(SolutionConfigurationPlatforms) = preSolution
		Debug|Any CPU = Debug|Any CPU
		Release|Any CPU = Release|Any CPU
	EndGlobalSection
	GlobalSection(ProjectConfigurationPlatforms) = postSolution
		{7CAD1CA6-23A3-49B3-871D-F8BDF9F0FD4A}.Debug|Any CPU.ActiveCfg = Debug|Any CPU
		{7CAD1CA6-23A3-49B3-871D-F8BDF9F0FD4A}.Debug|Any CPU.Build.0 = Debug|Any CPU
		{7CAD1CA6-23A3-49B3-871D-F8BDF9F0FD4A}.Release|Any CPU.ActiveCfg = Release|Any CPU
		{7CAD1CA6-23A3-49B3-871D-F8BDF9F0FD4A}.Release|Any CPU.Build.0 = Release|Any CPU
		{73BBF6BD-745E-487F-8FFC-ABD2BD26DE6E}.Debug|Any CPU.ActiveCfg = Debug|Any CPU
		{73BBF6BD-745E-487F-8FFC-ABD2BD26DE6E}.Debug|Any CPU.Build.0 = Debug|Any CPU
		{73BBF6BD-745E-487F-8FFC-ABD2BD26DE6E}.Release|Any CPU.ActiveCfg = Release|Any CPU
		{73BBF6BD-745E-487F-8FFC-ABD2BD26DE6E}.Release|Any CPU.Build.0 = Release|Any CPU
		{478EE80B-AF66-4FFF-9514-B8D818D2F1B9}.Debug|Any CPU.ActiveCfg = Debug|Any CPU
		{478EE80B-AF66-4FFF-9514-B8D818D2F1B9}.Debug|Any CPU.Build.0 = Debug|Any CPU
		{478EE80B-AF66-4FFF-9514-B8D818D2F1B9}.Release|Any CPU.ActiveCfg = Release|Any CPU
		{478EE80B-AF66-4FFF-9514-B8D818D2F1B9}.Release|Any CPU.Build.0 = Release|Any CPU
	EndGlobalSection
	GlobalSection(SolutionProperties) = preSolution
		HideSolutionNode = FALSE
	EndGlobalSection
	GlobalSection(ExtensibilityGlobals) = postSolution
		SolutionGuid = {79440187-5272-4031-8245-F62032C2ADE9}
	EndGlobalSection
EndGlobal
